{
    "name": "@em-foundation/emscript-sdk",
    "version": "26.2.0",
    "lockfileVersion": 3,
    "requires": true,
    "packages": {
        "": {
            "name": "@em-foundation/emscript-sdk",
            "version": "26.2.0",
            "hasInstallScript": true,
            "license": "MIT",
            "dependencies": {
                "emscript-cli": "https://github.com/em-foundation/npm-packages/releases/download/resources/emscript-cli-26.2.0.202507161142.tgz",
                "segger-arm": "https://github.com/em-foundation/npm-packages/releases/download/resources/segger-arm-8.22.1.tgz",
                "segger-jlink": "https://github.com/em-foundation/npm-packages/releases/download/resources/segger-jlink-8.40.0.tgz",
                "ti-uniflash": "https://github.com/em-foundation/npm-packages/releases/download/resources/ti-uniflash-8.7.0.tgz"
            }
        },
        "node_modules/@cspotcode/source-map-support": {
            "version": "0.8.1",
            "resolved": "https://registry.npmjs.org/@cspotcode/source-map-support/-/source-map-support-0.8.1.tgz",
            "integrity": "sha512-IchNf6dN4tHoMFIn/7OE8LWZ19Y6q/67Bmf6vnGREv8RSbBVb9LPJxEcnwrcwX6ixSvaiGoomAUvu4YSxXrVgw==",
            "license": "MIT",
            "dependencies": {
                "@jridgewell/trace-mapping": "0.3.9"
            },
            "engines": {
                "node": ">=12"
            }
        },
        "node_modules/@jridgewell/resolve-uri": {
            "version": "3.1.2",
            "resolved": "https://registry.npmjs.org/@jridgewell/resolve-uri/-/resolve-uri-3.1.2.tgz",
            "integrity": "sha512-bRISgCIjP20/tbWSPWMEi54QVPRZExkuD9lJL+UIxUKtwVJA8wW1Trb1jMs1RFXo1CBTNZ/5hpC9QvmKWdopKw==",
            "license": "MIT",
            "engines": {
                "node": ">=6.0.0"
            }
        },
        "node_modules/@jridgewell/sourcemap-codec": {
            "version": "1.5.4",
            "resolved": "https://registry.npmjs.org/@jridgewell/sourcemap-codec/-/sourcemap-codec-1.5.4.tgz",
            "integrity": "sha512-VT2+G1VQs/9oz078bLrYbecdZKs912zQlkelYpuf+SXF+QvZDYJlbx/LSx+meSAwdDFnF8FVXW92AVjjkVmgFw==",
            "license": "MIT"
        },
        "node_modules/@jridgewell/trace-mapping": {
            "version": "0.3.9",
            "resolved": "https://registry.npmjs.org/@jridgewell/trace-mapping/-/trace-mapping-0.3.9.tgz",
            "integrity": "sha512-3Belt6tdc8bPgAtbcmdtNJlirVoTmEb5e2gC94PnkwEW9jI6CAHUeoG85tjWP5WquqfavoMtMwiG4P926ZKKuQ==",
            "license": "MIT",
            "dependencies": {
                "@jridgewell/resolve-uri": "^3.0.3",
                "@jridgewell/sourcemap-codec": "^1.4.10"
            }
        },
        "node_modules/@prantlf/railroad-diagrams": {
            "version": "1.0.1",
            "resolved": "https://registry.npmjs.org/@prantlf/railroad-diagrams/-/railroad-diagrams-1.0.1.tgz",
            "integrity": "sha512-4VOvyobF+/8NN7CEVktgXoZ0m+agLioJFMAcj+0JmPkA7CBSw01mHrFYyEafBT84ZVBhTLl/7h0ozACOojM6nQ==",
            "license": "CC0-1.0",
            "dependencies": {
                "js-yaml": "3.13.1",
                "tiny-glob": "0.2.6"
            },
            "bin": {
                "rrd2svg": "bin/rrd2svg",
                "rrdlint": "bin/rrdlint"
            },
            "engines": {
                "node": ">=6"
            }
        },
        "node_modules/@prantlf/railroad-diagrams/node_modules/argparse": {
            "version": "1.0.10",
            "resolved": "https://registry.npmjs.org/argparse/-/argparse-1.0.10.tgz",
            "integrity": "sha512-o5Roy6tNG4SL/FOkCAN6RzjiakZS25RLYFrcMttJqbdd8BWrnA+fGz57iN5Pb06pvBGvl5gQ0B48dJlslXvoTg==",
            "license": "MIT",
            "dependencies": {
                "sprintf-js": "~1.0.2"
            }
        },
        "node_modules/@prantlf/railroad-diagrams/node_modules/js-yaml": {
            "version": "3.13.1",
            "resolved": "https://registry.npmjs.org/js-yaml/-/js-yaml-3.13.1.tgz",
            "integrity": "sha512-YfbcO7jXDdyj0DGxYVSlSeQNHbD7XPWvrVWeVUujrQEoZzWJIRrCPoyk6kL6IAjAG2IolMK4T0hNUe0HOUs5Jw==",
            "license": "MIT",
            "dependencies": {
                "argparse": "^1.0.7",
                "esprima": "^4.0.0"
            },
            "bin": {
                "js-yaml": "bin/js-yaml.js"
            }
        },
        "node_modules/@prantlf/railroad-diagrams/node_modules/sprintf-js": {
            "version": "1.0.3",
            "resolved": "https://registry.npmjs.org/sprintf-js/-/sprintf-js-1.0.3.tgz",
            "integrity": "sha512-D9cPgkvLlV3t3IzL0D0YLvGA9Ahk4PcvVwUbN0dSGr1aP0Nrt4AEnTUbuGvquEC0mA64Gqt1fzirlRs5ibXx8g==",
            "license": "BSD-3-Clause"
        },
        "node_modules/@tsconfig/node10": {
            "version": "1.0.11",
            "resolved": "https://registry.npmjs.org/@tsconfig/node10/-/node10-1.0.11.tgz",
            "integrity": "sha512-DcRjDCujK/kCk/cUe8Xz8ZSpm8mS3mNNpta+jGCA6USEDfktlNvm1+IuZ9eTcDbNk41BHwpHHeW+N1lKCz4zOw==",
            "license": "MIT"
        },
        "node_modules/@tsconfig/node12": {
            "version": "1.0.11",
            "resolved": "https://registry.npmjs.org/@tsconfig/node12/-/node12-1.0.11.tgz",
            "integrity": "sha512-cqefuRsh12pWyGsIoBKJA9luFu3mRxCA+ORZvA4ktLSzIuCUtWVxGIuXigEwO5/ywWFMZ2QEGKWvkZG1zDMTag==",
            "license": "MIT"
        },
        "node_modules/@tsconfig/node14": {
            "version": "1.0.3",
            "resolved": "https://registry.npmjs.org/@tsconfig/node14/-/node14-1.0.3.tgz",
            "integrity": "sha512-ysT8mhdixWK6Hw3i1V2AeRqZ5WfXg1G43mqoYlM2nc6388Fq5jcXyr5mRsqViLx/GJYdoL0bfXD8nmF+Zn/Iow==",
            "license": "MIT"
        },
        "node_modules/@tsconfig/node16": {
            "version": "1.0.4",
            "resolved": "https://registry.npmjs.org/@tsconfig/node16/-/node16-1.0.4.tgz",
            "integrity": "sha512-vxhUy4J8lyeyinH7Azl1pdd43GJhZH/tP2weN8TntQblOY+A0XbT8DJk1/oCPuOOyg/Ja757rG0CgHcWC8OfMA==",
            "license": "MIT"
        },
        "node_modules/@types/js-yaml": {
            "version": "4.0.9",
            "resolved": "https://registry.npmjs.org/@types/js-yaml/-/js-yaml-4.0.9.tgz",
            "integrity": "sha512-k4MGaQl5TGo/iipqb2UDG2UwjXziSWkh0uysQelTlJpX1qGlpUZYm8PnO4DxG1qBomtJUdYJ6qR6xdIah10JLg==",
            "license": "MIT"
        },
        "node_modules/@types/node": {
            "version": "24.0.14",
            "resolved": "https://registry.npmjs.org/@types/node/-/node-24.0.14.tgz",
            "integrity": "sha512-4zXMWD91vBLGRtHK3YbIoFMia+1nqEz72coM42C5ETjnNCa/heoj7NT1G67iAfOqMmcfhuCZ4uNpyz8EjlAejw==",
            "license": "MIT",
            "dependencies": {
                "undici-types": "~7.8.0"
            }
        },
        "node_modules/@types/sprintf-js": {
            "version": "1.1.4",
            "resolved": "https://registry.npmjs.org/@types/sprintf-js/-/sprintf-js-1.1.4.tgz",
            "integrity": "sha512-aWK1reDYWxcjgcIIPmQi3u+OQDuYa9b+lr6eIsGWrekJ9vr1NSjr4Eab8oQ1iKuH1ltFHpXGyerAv1a3FMKxzQ==",
            "license": "MIT"
        },
        "node_modules/@types/xml2js": {
            "version": "0.4.14",
            "resolved": "https://registry.npmjs.org/@types/xml2js/-/xml2js-0.4.14.tgz",
            "integrity": "sha512-4YnrRemBShWRO2QjvUin8ESA41rH+9nQGLUGZV/1IDhi3SL9OhdpNC/MrulTWuptXKwhx/aDxE7toV0f/ypIXQ==",
            "license": "MIT",
            "dependencies": {
                "@types/node": "*"
            }
        },
        "node_modules/acorn": {
            "version": "8.15.0",
            "resolved": "https://registry.npmjs.org/acorn/-/acorn-8.15.0.tgz",
            "integrity": "sha512-NZyJarBfL7nWwIq+FDL6Zp/yHEhePMNnnJ0y3qfieCrmNvYct8uvtiV41UvlSe6apAfk0fY1FbWx+NwfmpvtTg==",
            "license": "MIT",
            "bin": {
                "acorn": "bin/acorn"
            },
            "engines": {
                "node": ">=0.4.0"
            }
        },
        "node_modules/acorn-walk": {
            "version": "8.3.4",
            "resolved": "https://registry.npmjs.org/acorn-walk/-/acorn-walk-8.3.4.tgz",
            "integrity": "sha512-ueEepnujpqee2o5aIYnvHU6C0A42MNdsIDeqy5BydrkuC5R1ZuUFnm27EeFJGoEHJQgn3uleRvmTXaJgfXbt4g==",
            "license": "MIT",
            "dependencies": {
                "acorn": "^8.11.0"
            },
            "engines": {
                "node": ">=0.4.0"
            }
        },
        "node_modules/adm-zip": {
            "version": "0.5.7",
            "resolved": "https://registry.npmjs.org/adm-zip/-/adm-zip-0.5.7.tgz",
            "integrity": "sha512-QLEo3eoC2B0i3+g/G5nNzKbGoVOjW2ingZ4TXl7/YeDM+FAl3SiHSNnokTZLFEuVHBn5CbZ42KJcIIsRji1EgQ==",
            "license": "MIT",
            "engines": {
                "node": ">=6.0"
            }
        },
        "node_modules/arg": {
            "version": "4.1.3",
            "resolved": "https://registry.npmjs.org/arg/-/arg-4.1.3.tgz",
            "integrity": "sha512-58S9QDqG0Xx27YwPSt9fJxivjYl432YCwfDMfZ+71RAqUrZef7LrKQZ3LHLOwCS4FLNBplP533Zx895SeOCHvA==",
            "license": "MIT"
        },
        "node_modules/argparse": {
            "version": "2.0.1",
            "resolved": "https://registry.npmjs.org/argparse/-/argparse-2.0.1.tgz",
            "integrity": "sha512-8+9WqebbFzpX9OR+Wa6O29asIogeRMzcGtAINdpMHHyAg10f05aSFVBbcEqGf/PXw1EjAZ+q2/bEBg3DvurK3Q==",
            "license": "Python-2.0"
        },
        "node_modules/commander": {
            "version": "8.3.0",
            "resolved": "https://registry.npmjs.org/commander/-/commander-8.3.0.tgz",
            "integrity": "sha512-OkTL9umf+He2DZkUq8f8J9of7yL6RJKI24dVITBmNfZBmri9zYZQrKkuXiKhyfPSu8tUhnVBB1iKXevvnlR4Ww==",
            "license": "MIT",
            "engines": {
                "node": ">= 12"
            }
        },
        "node_modules/create-require": {
            "version": "1.1.1",
            "resolved": "https://registry.npmjs.org/create-require/-/create-require-1.1.1.tgz",
            "integrity": "sha512-dcKFX3jn0MpIaXjisoRvexIJVEKzaq7z2rZKxf+MSr9TkdmHmsU4m2lcLojrj/FHl8mk5VxMmYA+ftRkP/3oKQ==",
            "license": "MIT"
        },
        "node_modules/diff": {
            "version": "4.0.2",
            "resolved": "https://registry.npmjs.org/diff/-/diff-4.0.2.tgz",
            "integrity": "sha512-58lmxKSA4BNyLz+HHMUzlOEpg09FV+ev6ZMe3vJihgdxzgcwZ8VoEEPmALCZG9LmqfVoNMMKpttIYTVG6uDY7A==",
            "license": "BSD-3-Clause",
            "engines": {
                "node": ">=0.3.1"
            }
        },
        "node_modules/emscript-cli": {
            "version": "26.2.0",
            "resolved": "https://github.com/em-foundation/npm-packages/releases/download/resources/emscript-cli-26.2.0.202507161142.tgz",
            "integrity": "sha512-ZH90izaIK+HfuUh2AgupjgoLQmtG4sMkSe1vREer3aYoSQm8G7aOER1GG6U+EFbZPDF6Ht08NWBgUoersxFumg==",
            "dependencies": {
                "@prantlf/railroad-diagrams": "^1.0.1",
                "@types/js-yaml": "^4.0.9",
                "@types/sprintf-js": "^1.1.4",
                "@types/xml2js": "^0.4.14",
                "commander": "^8.3.0",
                "he": "^1.2.0",
                "joulescope_driver": "^1.10.0",
                "js-yaml": "^4.1.0",
                "json5": "^2.2.3",
                "plotly.js-dist": "^3.0.1",
                "sprintf-js": "^1.1.3",
                "ts-node": "^10.9.2",
                "unescape-js": "^1.1.4",
                "xml2js": "^0.6.2"
            },
            "bin": {
                "emscript": "bin/main.js"
            }
        },
        "node_modules/esprima": {
            "version": "4.0.1",
            "resolved": "https://registry.npmjs.org/esprima/-/esprima-4.0.1.tgz",
            "integrity": "sha512-eGuFFw7Upda+g4p+QHvnW0RyTX/SVeJBDM/gCtMARO0cLuT2HcEKnTPvhjV6aGeqrCB/sbNop0Kszm0jsaWU4A==",
            "license": "BSD-2-Clause",
            "bin": {
                "esparse": "bin/esparse.js",
                "esvalidate": "bin/esvalidate.js"
            },
            "engines": {
                "node": ">=4"
            }
        },
        "node_modules/globalyzer": {
            "version": "0.1.4",
            "resolved": "https://registry.npmjs.org/globalyzer/-/globalyzer-0.1.4.tgz",
            "integrity": "sha512-LeguVWaxgHN0MNbWC6YljNMzHkrCny9fzjmEUdnF1kQ7wATFD1RHFRqA1qxaX2tgxGENlcxjOflopBwj3YZiXA==",
            "license": "MIT"
        },
        "node_modules/globrex": {
            "version": "0.1.2",
            "resolved": "https://registry.npmjs.org/globrex/-/globrex-0.1.2.tgz",
            "integrity": "sha512-uHJgbwAMwNFf5mLst7IWLNg14x1CkeqglJb/K3doi4dw6q2IvAAmM/Y81kevy83wP+Sst+nutFTYOGg3d1lsxg==",
            "license": "MIT"
        },
        "node_modules/he": {
            "version": "1.2.0",
            "resolved": "https://registry.npmjs.org/he/-/he-1.2.0.tgz",
            "integrity": "sha512-F/1DnUGPopORZi0ni+CvrCgHQ5FyEAHRLSApuYWMmrbSwoN2Mn/7k+Gl38gJnR7yyDZk6WLXwiGod1JOWNDKGw==",
            "license": "MIT",
            "bin": {
                "he": "bin/he"
            }
        },
        "node_modules/joulescope_driver": {
            "version": "1.10.0",
            "resolved": "https://registry.npmjs.org/joulescope_driver/-/joulescope_driver-1.10.0.tgz",
            "integrity": "sha512-44YkUv46zXbYQidfyPE1D6n2rGrouikLF7A2ZTLRh3vDtCOk/MN0DtNvEgE/Siv8K+dYzB8lkS79CFDn0GX8hg==",
            "hasInstallScript": true,
            "license": "Apache-2.0",
            "dependencies": {
                "node-addon-api": "^3.0.0",
                "node-gyp-build": "^4.8.0"
            },
            "engines": {
                "node": ">=18"
            }
        },
        "node_modules/js-yaml": {
            "version": "4.1.0",
            "resolved": "https://registry.npmjs.org/js-yaml/-/js-yaml-4.1.0.tgz",
            "integrity": "sha512-wpxZs9NoxZaJESJGIZTyDEaYpl0FKSA+FB9aJiyemKhMwkxQg63h4T1KJgUGHpTqPDNRcmmYLugrRjJlBtWvRA==",
            "license": "MIT",
            "dependencies": {
                "argparse": "^2.0.1"
            },
            "bin": {
                "js-yaml": "bin/js-yaml.js"
            }
        },
        "node_modules/json5": {
            "version": "2.2.3",
            "resolved": "https://registry.npmjs.org/json5/-/json5-2.2.3.tgz",
            "integrity": "sha512-XmOWe7eyHYH14cLdVPoyg+GOH3rYX++KpzrylJwSW98t3Nk+U8XOl8FWKOgwtzdb8lXGf6zYwDUzeHMWfxasyg==",
            "license": "MIT",
            "bin": {
                "json5": "lib/cli.js"
            },
            "engines": {
                "node": ">=6"
            }
        },
        "node_modules/make-error": {
            "version": "1.3.6",
            "resolved": "https://registry.npmjs.org/make-error/-/make-error-1.3.6.tgz",
            "integrity": "sha512-s8UhlNe7vPKomQhC1qFelMokr/Sc3AgNbso3n74mVPA5LTZwkB9NlXf4XPamLxJE8h0gh73rM94xvwRT2CVInw==",
            "license": "ISC"
        },
        "node_modules/node-addon-api": {
            "version": "3.2.1",
            "resolved": "https://registry.npmjs.org/node-addon-api/-/node-addon-api-3.2.1.tgz",
            "integrity": "sha512-mmcei9JghVNDYydghQmeDX8KoAm0FAiYyIcUt/N4nhyAipB17pllZQDOJD2fotxABnt4Mdz+dKTO7eftLg4d0A==",
            "license": "MIT"
        },
        "node_modules/node-gyp-build": {
            "version": "4.8.4",
            "resolved": "https://registry.npmjs.org/node-gyp-build/-/node-gyp-build-4.8.4.tgz",
            "integrity": "sha512-LA4ZjwlnUblHVgq0oBF3Jl/6h/Nvs5fzBLwdEF4nuxnFdsfajde4WfxtJr3CaiH+F6ewcIB/q4jQ4UzPyid+CQ==",
            "license": "MIT",
            "bin": {
                "node-gyp-build": "bin.js",
                "node-gyp-build-optional": "optional.js",
                "node-gyp-build-test": "build-test.js"
            }
        },
        "node_modules/plotly.js-dist": {
            "version": "3.0.1",
            "resolved": "https://registry.npmjs.org/plotly.js-dist/-/plotly.js-dist-3.0.1.tgz",
            "integrity": "sha512-/LvKEGxWime7KPzO6nlnfNyTt/pHn4Ctlgj98RUJyjUIu3IHowOqSu+tRq3B/xQ6GZWj5uDz2hS+eEBsgg/xHw==",
            "license": "MIT"
        },
        "node_modules/sax": {
            "version": "1.4.1",
            "resolved": "https://registry.npmjs.org/sax/-/sax-1.4.1.tgz",
            "integrity": "sha512-+aWOz7yVScEGoKNd4PA10LZ8sk0A/z5+nXQG5giUO5rprX9jgYsTdov9qCchZiPIZezbZH+jRut8nPodFAX4Jg==",
            "license": "ISC"
        },
        "node_modules/segger-arm": {
            "version": "8.22.1",
            "resolved": "https://github.com/em-foundation/npm-packages/releases/download/resources/segger-arm-8.22.1.tgz",
            "integrity": "sha512-AY9vnnFi6gC1P3PFcgFVdnia4lhj57BvmofhPRSZX5UoSS9atevrUbNLtMlaJhZmdEvu055H/anAvjD/vGrT2w==",
            "hasInstallScript": true,
            "dependencies": {
                "adm-zip": "0.5.7"
            }
        },
        "node_modules/segger-jlink": {
            "version": "8.40.0",
            "resolved": "https://github.com/em-foundation/npm-packages/releases/download/resources/segger-jlink-8.40.0.tgz",
            "integrity": "sha512-Pmtg6MYMLQye5aoubdwpHQT46tz+/gBXY7is1oJyU9MK5cZ2kcg9FrpFx2dHH0kq4IaC6dxN8NqJal5F4mAC3g==",
            "hasInstallScript": true,
            "dependencies": {
                "adm-zip": "0.5.7"
            }
        },
        "node_modules/sprintf-js": {
            "version": "1.1.3",
            "resolved": "https://registry.npmjs.org/sprintf-js/-/sprintf-js-1.1.3.tgz",
            "integrity": "sha512-Oo+0REFV59/rz3gfJNKQiBlwfHaSESl1pcGyABQsnnIfWOFt6JNj5gCog2U6MLZ//IGYD+nA8nI+mTShREReaA==",
            "license": "BSD-3-Clause"
        },
        "node_modules/string.fromcodepoint": {
            "version": "0.2.1",
            "resolved": "https://registry.npmjs.org/string.fromcodepoint/-/string.fromcodepoint-0.2.1.tgz",
            "integrity": "sha512-n69H31OnxSGSZyZbgBlvYIXlrMhJQ0dQAX1js1QDhpaUH6zmU3QYlj07bCwCNlPOu3oRXIubGPl2gDGnHsiCqg=="
        },
        "node_modules/ti-uniflash": {
            "version": "8.7.0",
            "resolved": "https://github.com/em-foundation/npm-packages/releases/download/resources/ti-uniflash-8.7.0.tgz",
            "integrity": "sha512-83rT5GNEtSmh6dFdAQ7kY5aCUY45KxLTG8c7Lb8RzxyFfCK/yflYsrLafTmGSZx781LUT07No+ZlI37xqEaKkQ==",
            "hasInstallScript": true,
            "dependencies": {
                "adm-zip": "0.5.7"
            }
        },
        "node_modules/tiny-glob": {
            "version": "0.2.6",
            "resolved": "https://registry.npmjs.org/tiny-glob/-/tiny-glob-0.2.6.tgz",
            "integrity": "sha512-A7ewMqPu1B5PWwC3m7KVgAu96Ch5LA0w4SnEN/LbDREj/gAD0nPWboRbn8YoP9ISZXqeNAlMvKSKoEuhcfK3Pw==",
            "license": "MIT",
            "dependencies": {
                "globalyzer": "^0.1.0",
                "globrex": "^0.1.1"
            }
        },
        "node_modules/ts-node": {
            "version": "10.9.2",
            "resolved": "https://registry.npmjs.org/ts-node/-/ts-node-10.9.2.tgz",
            "integrity": "sha512-f0FFpIdcHgn8zcPSbf1dRevwt047YMnaiJM3u2w2RewrB+fob/zePZcrOyQoLMMO7aBIddLcQIEK5dYjkLnGrQ==",
            "license": "MIT",
            "dependencies": {
                "@cspotcode/source-map-support": "^0.8.0",
                "@tsconfig/node10": "^1.0.7",
                "@tsconfig/node12": "^1.0.7",
                "@tsconfig/node14": "^1.0.0",
                "@tsconfig/node16": "^1.0.2",
                "acorn": "^8.4.1",
                "acorn-walk": "^8.1.1",
                "arg": "^4.1.0",
                "create-require": "^1.1.0",
                "diff": "^4.0.1",
                "make-error": "^1.1.1",
                "v8-compile-cache-lib": "^3.0.1",
                "yn": "3.1.1"
            },
            "bin": {
                "ts-node": "dist/bin.js",
                "ts-node-cwd": "dist/bin-cwd.js",
                "ts-node-esm": "dist/bin-esm.js",
                "ts-node-script": "dist/bin-script.js",
                "ts-node-transpile-only": "dist/bin-transpile.js",
                "ts-script": "dist/bin-script-deprecated.js"
            },
            "peerDependencies": {
                "@swc/core": ">=1.2.50",
                "@swc/wasm": ">=1.2.50",
                "@types/node": "*",
                "typescript": ">=2.7"
            },
            "peerDependenciesMeta": {
                "@swc/core": {
                    "optional": true
                },
                "@swc/wasm": {
                    "optional": true
                }
            }
        },
        "node_modules/typescript": {
            "version": "5.8.3",
            "resolved": "https://registry.npmjs.org/typescript/-/typescript-5.8.3.tgz",
            "integrity": "sha512-p1diW6TqL9L07nNxvRMM7hMMw4c5XOo/1ibL4aAIGmSAt9slTE1Xgw5KWuof2uTOvCg9BY7ZRi+GaF+7sfgPeQ==",
            "license": "Apache-2.0",
            "peer": true,
            "bin": {
                "tsc": "bin/tsc",
                "tsserver": "bin/tsserver"
            },
            "engines": {
                "node": ">=14.17"
            }
        },
        "node_modules/undici-types": {
            "version": "7.8.0",
            "resolved": "https://registry.npmjs.org/undici-types/-/undici-types-7.8.0.tgz",
            "integrity": "sha512-9UJ2xGDvQ43tYyVMpuHlsgApydB8ZKfVYTsLDhXkFL/6gfkp+U8xTGdh8pMJv1SpZna0zxG1DwsKZsreLbXBxw==",
            "license": "MIT"
        },
        "node_modules/unescape-js": {
            "version": "1.1.4",
            "resolved": "https://registry.npmjs.org/unescape-js/-/unescape-js-1.1.4.tgz",
            "integrity": "sha512-42SD8NOQEhdYntEiUQdYq/1V/YHwr1HLwlHuTJB5InVVdOSbgI6xu8jK5q65yIzuFCfczzyDF/7hbGzVbyCw0g==",
            "license": "MIT",
            "dependencies": {
                "string.fromcodepoint": "^0.2.1"
            }
        },
        "node_modules/v8-compile-cache-lib": {
            "version": "3.0.1",
            "resolved": "https://registry.npmjs.org/v8-compile-cache-lib/-/v8-compile-cache-lib-3.0.1.tgz",
            "integrity": "sha512-wa7YjyUGfNZngI/vtK0UHAN+lgDCxBPCylVXGp0zu59Fz5aiGtNXaq3DhIov063MorB+VfufLh3JlF2KdTK3xg==",
            "license": "MIT"
        },
        "node_modules/xml2js": {
            "version": "0.6.2",
            "resolved": "https://registry.npmjs.org/xml2js/-/xml2js-0.6.2.tgz",
            "integrity": "sha512-T4rieHaC1EXcES0Kxxj4JWgaUQHDk+qwHcYOCFHfiwKz7tOVPLq7Hjq9dM1WCMhylqMEfP7hMcOIChvotiZegA==",
            "license": "MIT",
            "dependencies": {
                "sax": ">=0.6.0",
                "xmlbuilder": "~11.0.0"
            },
            "engines": {
                "node": ">=4.0.0"
            }
        },
        "node_modules/xmlbuilder": {
            "version": "11.0.1",
            "resolved": "https://registry.npmjs.org/xmlbuilder/-/xmlbuilder-11.0.1.tgz",
            "integrity": "sha512-fDlsI/kFEx7gLvbecc0/ohLG50fugQp8ryHzMTuW9vSa1GJ0XYWKnhsUx7oie3G98+r56aTQIUB4kht42R3JvA==",
            "license": "MIT",
            "engines": {
                "node": ">=4.0"
            }
        },
        "node_modules/yn": {
            "version": "3.1.1",
            "resolved": "https://registry.npmjs.org/yn/-/yn-3.1.1.tgz",
            "integrity": "sha512-Ux4ygGWsu2c7isFWe8Yu1YluJmqVhxqK2cLXNQA5AcC3QfbGNpM7fu0Y8b/z16pXLnFxZYvWhd3fhBY9DLmC6Q==",
            "license": "MIT",
            "engines": {
                "node": ">=6"
            }
        }
    }
}
