{
    "name": "emscript-sdk",
    "version": "26.0.2",
    "lockfileVersion": 3,
    "requires": true,
    "packages": {
        "": {
            "name": "emscript-sdk",
            "version": "26.0.2",
            "hasInstallScript": true,
            "dependencies": {
                "emscript-cli": "https://github.com/em-foundation/npm-packages/releases/download/resources/emscript-cli-26.0.2.202502121936.tgz",
                "segger-arm": "https://github.com/em-foundation/npm-packages/releases/download/resources/segger-arm-8.22.1.tgz",
                "ti-uniflash": "https://github.com/em-foundation/npm-packages/releases/download/resources/ti-uniflash-8.7.0.tgz"
            },
            "bin": {
                "emscript": "bin/main.js"
            }
        },
        "node_modules/@types/sprintf-js": {
            "version": "1.1.4",
            "resolved": "https://registry.npmjs.org/@types/sprintf-js/-/sprintf-js-1.1.4.tgz",
            "integrity": "sha512-aWK1reDYWxcjgcIIPmQi3u+OQDuYa9b+lr6eIsGWrekJ9vr1NSjr4Eab8oQ1iKuH1ltFHpXGyerAv1a3FMKxzQ==",
            "license": "MIT"
        },
        "node_modules/adm-zip": {
            "version": "0.5.7",
            "resolved": "https://registry.npmjs.org/adm-zip/-/adm-zip-0.5.7.tgz",
            "integrity": "sha512-QLEo3eoC2B0i3+g/G5nNzKbGoVOjW2ingZ4TXl7/YeDM+FAl3SiHSNnokTZLFEuVHBn5CbZ42KJcIIsRji1EgQ==",
            "license": "MIT",
            "engines": {
                "node": ">=6.0"
            }
        },
        "node_modules/commander": {
            "version": "8.3.0",
            "resolved": "https://registry.npmjs.org/commander/-/commander-8.3.0.tgz",
            "integrity": "sha512-OkTL9umf+He2DZkUq8f8J9of7yL6RJKI24dVITBmNfZBmri9zYZQrKkuXiKhyfPSu8tUhnVBB1iKXevvnlR4Ww==",
            "license": "MIT",
            "engines": {
                "node": ">= 12"
            }
        },
        "node_modules/emscript-cli": {
            "version": "26.0.2",
            "resolved": "https://github.com/em-foundation/npm-packages/releases/download/resources/emscript-cli-26.0.2.202502121936.tgz",
            "integrity": "sha512-nakUstkyI7sfmIfPU+KzaG9FQLTjHiKklYHT4wSkz3kisF0jO4vJncFKjqfBq7IZjvdU2rYfp2ybYJcEA4xPLg==",
            "dependencies": {
                "@types/sprintf-js": "^1.1.4",
                "commander": "^8.3.0",
                "json5": "^2.2.3",
                "sprintf-js": "1.1.3",
                "unescape-js": "^1.1.4"
            },
            "bin": {
                "emscript": "bin/main.js"
            }
        },
        "node_modules/json5": {
            "version": "2.2.3",
            "resolved": "https://registry.npmjs.org/json5/-/json5-2.2.3.tgz",
            "integrity": "sha512-XmOWe7eyHYH14cLdVPoyg+GOH3rYX++KpzrylJwSW98t3Nk+U8XOl8FWKOgwtzdb8lXGf6zYwDUzeHMWfxasyg==",
            "license": "MIT",
            "bin": {
                "json5": "lib/cli.js"
            },
            "engines": {
                "node": ">=6"
            }
        },
        "node_modules/segger-arm": {
            "version": "8.22.1",
            "resolved": "https://github.com/em-foundation/npm-packages/releases/download/resources/segger-arm-8.22.1.tgz",
            "integrity": "sha512-ahdD2DhFacA8wbgrjuhLumLBDgLJe2yOS8S8d7zWWeaOtD5Cv1xCBl51ekdTqoje6mCRh80pfb897SMsYAFyQg==",
            "hasInstallScript": true,
            "dependencies": {
                "adm-zip": "0.5.7"
            }
        },
        "node_modules/sprintf-js": {
            "version": "1.1.3",
            "resolved": "https://registry.npmjs.org/sprintf-js/-/sprintf-js-1.1.3.tgz",
            "integrity": "sha512-Oo+0REFV59/rz3gfJNKQiBlwfHaSESl1pcGyABQsnnIfWOFt6JNj5gCog2U6MLZ//IGYD+nA8nI+mTShREReaA==",
            "license": "BSD-3-Clause"
        },
        "node_modules/string.fromcodepoint": {
            "version": "0.2.1",
            "resolved": "https://registry.npmjs.org/string.fromcodepoint/-/string.fromcodepoint-0.2.1.tgz",
            "integrity": "sha512-n69H31OnxSGSZyZbgBlvYIXlrMhJQ0dQAX1js1QDhpaUH6zmU3QYlj07bCwCNlPOu3oRXIubGPl2gDGnHsiCqg=="
        },
        "node_modules/ti-uniflash": {
            "version": "8.7.0",
            "resolved": "https://github.com/em-foundation/npm-packages/releases/download/resources/ti-uniflash-8.7.0.tgz",
            "integrity": "sha512-+23U1NsN9OqHCRt8GXS/p4eT8CfvUz6h2JBsFAc/KkynBpkY5efKN8pGnv7MR8GCtmF8SukONn19cxVCU6tW/w==",
            "hasInstallScript": true,
            "dependencies": {
                "adm-zip": "0.5.7"
            }
        },
        "node_modules/unescape-js": {
            "version": "1.1.4",
            "resolved": "https://registry.npmjs.org/unescape-js/-/unescape-js-1.1.4.tgz",
            "integrity": "sha512-42SD8NOQEhdYntEiUQdYq/1V/YHwr1HLwlHuTJB5InVVdOSbgI6xu8jK5q65yIzuFCfczzyDF/7hbGzVbyCw0g==",
            "license": "MIT",
            "dependencies": {
                "string.fromcodepoint": "^0.2.1"
            }
        }
    }
}
